# THIS IS AN AUTOGENERATED FILE. DO NOT EDIT THIS FILE DIRECTLY.
# yarn lockfile v1


d3-color@1:
  version "1.4.0"
  resolved "https://registry.yarnpkg.com/d3-color/-/d3-color-1.4.0.tgz#89c45a995ed773b13314f06460df26d60ba0ecaf"
  integrity sha512-TzNPeJy2+iEepfiL92LAAB7fvnp/dV2YwANPVHdDWmYMm23qIJBYww3qT8I8C1wXrmrg4UWs7BKc2tKIgyjzHg==

d3-interpolate@1:
  version "1.4.0"
  resolved "https://registry.yarnpkg.com/d3-interpolate/-/d3-interpolate-1.4.0.tgz#526e79e2d80daa383f9e0c1c1c7dcc0f0583e987"
  integrity sha512-V9znK0zc3jOPV4VD2zZn0sDhZU3WAE2bmlxdIwwQPPzPjvyLkd8B3JUVdS1IDUFDkWZ72c9qnv1GK2ZagTZ8EA==
  dependencies:
    d3-color "1"

d3-scale-chromatic@^1.5.0:
  version "1.5.0"
  resolved "https://registry.yarnpkg.com/d3-scale-chromatic/-/d3-scale-chromatic-1.5.0.tgz#54e333fc78212f439b14641fb55801dd81135a98"
  integrity sha512-ACcL46DYImpRFMBcpk9HhtIyC7bTBR4fNOPxwVSl0LfulDAwyiHyPOTqcDG1+t5d4P9W7t/2NAuWu59aKko/cg==
  dependencies:
    d3-color "1"
    d3-interpolate "1"

hoopoe@^1.0.1:
  version "1.0.1"
  resolved "https://registry.yarnpkg.com/hoopoe/-/hoopoe-1.0.1.tgz#7019cbd9a5edceb2d7448d3d627996b8235a6d30"
  integrity sha512-3IdeezHIrW1Sqb23tyWSOEGMwGmMszSx7RkSpx9BiCH5lwyylF0Y2M8FDORLukUlXx4kiIQuTLkagVhinfX6OQ==
